
Microsoft Visual Studio Solution File, Format Version 12.00
# Visual Studio Version 17
VisualStudioVersion = 17.2.32516.85
MinimumVisualStudioVersion = 10.0.40219.1
Project("{FAE04EC0-301F-11D3-BF4B-00C04F79EFBC}") = "PRN221", "PRN221\PRN221.csproj", "{795EA47E-E102-4766-82EC-AFD5AE9A4779}"
EndProject
Global
	GlobalSection(SolutionConfigurationPlatforms) = preSolution
		Debug|Any CPU = Debug|Any CPU
		Release|Any CPU = Release|Any CPU
	EndGlobalSection
	GlobalSection(ProjectConfigurationPlatforms) = postSolution
		{795EA47E-E102-4766-82EC-AFD5AE9A4779}.Debug|Any CPU.ActiveCfg = Debug|Any CPU
		{795EA47E-E102-4766-82EC-AFD5AE9A4779}.Debug|Any CPU.Build.0 = Debug|Any CPU
		{795EA47E-E102-4766-82EC-AFD5AE9A4779}.Release|Any CPU.ActiveCfg = Release|Any CPU
		{795EA47E-E102-4766-82EC-AFD5AE9A4779}.Release|Any CPU.Build.0 = Release|Any CPU
	EndGlobalSection
	GlobalSection(SolutionProperties) = preSolution
		HideSolutionNode = FALSE
	EndGlobalSection
	GlobalSection(ExtensibilityGlobals) = postSolution
		SolutionGuid = {4801C238-B47B-4CAF-B2A1-C935C64E0F43}
	EndGlobalSection
EndGlobal
